
Microsoft Visual Studio Solution File, Format Version 12.00
# Visual Studio 14
VisualStudioVersion = 14.0.25420.1
MinimumVisualStudioVersion = 10.0.40219.1
Project("{2150E333-8FDC-42A3-9474-1A3956D46DE8}") = ".nuget", ".nuget", "{DFA48E27-7D53-4955-A722-3D91A7119BE7}"
	ProjectSection(SolutionItems) = preProject
		.nuget\NuGet.Config = .nuget\NuGet.Config
		.nuget\NuGet.exe = .nuget\NuGet.exe
		.nuget\NuGet.targets = .nuget\NuGet.targets
	EndProjectSection
EndProject
Project("{FAE04EC0-301F-11D3-BF4B-00C04F79EFBC}") = "Cinotam.AbpModuleZero.Core", "Cinotam.AbpModuleZero.Core\Cinotam.AbpModuleZero.Core.csproj", "{17298EA0-AF73-4F30-B6F1-2066100D7D74}"
EndProject
Project("{FAE04EC0-301F-11D3-BF4B-00C04F79EFBC}") = "Cinotam.AbpModuleZero.EntityFramework", "Cinotam.AbpModuleZero.EntityFramework\Cinotam.AbpModuleZero.EntityFramework.csproj", "{3979F157-DEB0-4878-AB1D-4CEF6B5A1300}"
EndProject
Project("{FAE04EC0-301F-11D3-BF4B-00C04F79EFBC}") = "Cinotam.AbpModuleZero.WebApi", "Cinotam.AbpModuleZero.WebApi\Cinotam.AbpModuleZero.WebApi.csproj", "{5EB52D3D-09FD-463A-B02A-8D9856BD3724}"
EndProject
Project("{FAE04EC0-301F-11D3-BF4B-00C04F79EFBC}") = "Cinotam.AbpModuleZero.Web", "Cinotam.AbpModuleZero.Web\Cinotam.AbpModuleZero.Web.csproj", "{404A6D3B-AA85-4E4C-AEEE-1E5026D5F135}"
EndProject
Project("{2150E333-8FDC-42A3-9474-1A3956D46DE8}") = "Test", "Test", "{7E85C7E5-70BD-4C9D-B052-D95955F46609}"
EndProject
Project("{FAE04EC0-301F-11D3-BF4B-00C04F79EFBC}") = "Cinotam.AbpModuleZero.Tests", "Tests\Cinotam.AbpModuleZero.Tests\Cinotam.AbpModuleZero.Tests.csproj", "{C602C47E-F379-40A3-A146-4F19105B3491}"
EndProject
Project("{2150E333-8FDC-42A3-9474-1A3956D46DE8}") = "Tools", "Tools", "{7408541C-F99C-4197-B203-136115BD1CB9}"
EndProject
Project("{FAE04EC0-301F-11D3-BF4B-00C04F79EFBC}") = "Cinotam.AbpModuleZero.Migrator", "Tools\Cinotam.AbpModuleZero.Migrator\Cinotam.AbpModuleZero.Migrator.csproj", "{6F98C2F2-898A-421B-BE3D-68FE69EC0646}"
EndProject
Project("{FAE04EC0-301F-11D3-BF4B-00C04F79EFBC}") = "Cinotam.AbpModuleZero.Tools", "Cinotam.AbpModuleZero.Tools\Cinotam.AbpModuleZero.Tools.csproj", "{9AB7EE8A-5411-4D24-AE46-158065006F00}"
EndProject
Project("{2150E333-8FDC-42A3-9474-1A3956D46DE8}") = "Cinotam.ModuleZero", "Cinotam.ModuleZero", "{E4A630AE-A788-4CF8-98F1-661278298495}"
EndProject
Project("{FAE04EC0-301F-11D3-BF4B-00C04F79EFBC}") = "Cinotam.ModuleZero.AppModule", "Cinotam.ModuleZero.AppModule\Cinotam.ModuleZero.AppModule.csproj", "{13572C5D-ABB6-493D-97BE-7FFC37ACBA4C}"
EndProject
Project("{FAE04EC0-301F-11D3-BF4B-00C04F79EFBC}") = "Cinotam.AbpModuleZero.Extensions", "Cinotam.AbpModuleZero.Extensions\Cinotam.AbpModuleZero.Extensions.csproj", "{4F061DBA-643A-4B5A-BCFA-6903E5D8B105}"
EndProject
Project("{2150E333-8FDC-42A3-9474-1A3956D46DE8}") = "Cinotam.FileManager", "Cinotam.FileManager", "{C5871A7A-7875-447C-9F8A-5440B9D87686}"
EndProject
Project("{FAE04EC0-301F-11D3-BF4B-00C04F79EFBC}") = "Cinotam.FileManager", "Cinotam.FileManager\Cinotam.FileManager.csproj", "{601A7D76-DFC2-4BBA-86E3-830657EB6A54}"
EndProject
Project("{FAE04EC0-301F-11D3-BF4B-00C04F79EFBC}") = "Cinotam.FileManager.Cloudinary", "Cinotam.FileManager.Cloudinary\Cinotam.FileManager.Cloudinary.csproj", "{632D78C7-0806-45A9-8FCF-1EC94DDA807A}"
EndProject
Project("{FAE04EC0-301F-11D3-BF4B-00C04F79EFBC}") = "Cinotam.FileManager.SharedTypes", "Cinotam.FileManager.SharedTypes\Cinotam.FileManager.SharedTypes.csproj", "{4A1222DC-63B3-4BFD-B0D3-DB3EFAEBE853}"
EndProject
Global
	GlobalSection(SolutionConfigurationPlatforms) = preSolution
		Debug|Any CPU = Debug|Any CPU
		Release|Any CPU = Release|Any CPU
	EndGlobalSection
	GlobalSection(ProjectConfigurationPlatforms) = postSolution
		{17298EA0-AF73-4F30-B6F1-2066100D7D74}.Debug|Any CPU.ActiveCfg = Debug|Any CPU
		{17298EA0-AF73-4F30-B6F1-2066100D7D74}.Debug|Any CPU.Build.0 = Debug|Any CPU
		{17298EA0-AF73-4F30-B6F1-2066100D7D74}.Release|Any CPU.ActiveCfg = Release|Any CPU
		{17298EA0-AF73-4F30-B6F1-2066100D7D74}.Release|Any CPU.Build.0 = Release|Any CPU
		{3979F157-DEB0-4878-AB1D-4CEF6B5A1300}.Debug|Any CPU.ActiveCfg = Debug|Any CPU
		{3979F157-DEB0-4878-AB1D-4CEF6B5A1300}.Debug|Any CPU.Build.0 = Debug|Any CPU
		{3979F157-DEB0-4878-AB1D-4CEF6B5A1300}.Release|Any CPU.ActiveCfg = Release|Any CPU
		{3979F157-DEB0-4878-AB1D-4CEF6B5A1300}.Release|Any CPU.Build.0 = Release|Any CPU
		{5EB52D3D-09FD-463A-B02A-8D9856BD3724}.Debug|Any CPU.ActiveCfg = Debug|Any CPU
		{5EB52D3D-09FD-463A-B02A-8D9856BD3724}.Debug|Any CPU.Build.0 = Debug|Any CPU
		{5EB52D3D-09FD-463A-B02A-8D9856BD3724}.Release|Any CPU.ActiveCfg = Release|Any CPU
		{5EB52D3D-09FD-463A-B02A-8D9856BD3724}.Release|Any CPU.Build.0 = Release|Any CPU
		{404A6D3B-AA85-4E4C-AEEE-1E5026D5F135}.Debug|Any CPU.ActiveCfg = Debug|Any CPU
		{404A6D3B-AA85-4E4C-AEEE-1E5026D5F135}.Debug|Any CPU.Build.0 = Debug|Any CPU
		{404A6D3B-AA85-4E4C-AEEE-1E5026D5F135}.Release|Any CPU.ActiveCfg = Release|Any CPU
		{404A6D3B-AA85-4E4C-AEEE-1E5026D5F135}.Release|Any CPU.Build.0 = Release|Any CPU
		{C602C47E-F379-40A3-A146-4F19105B3491}.Debug|Any CPU.ActiveCfg = Debug|Any CPU
		{C602C47E-F379-40A3-A146-4F19105B3491}.Debug|Any CPU.Build.0 = Debug|Any CPU
		{C602C47E-F379-40A3-A146-4F19105B3491}.Release|Any CPU.ActiveCfg = Release|Any CPU
		{C602C47E-F379-40A3-A146-4F19105B3491}.Release|Any CPU.Build.0 = Release|Any CPU
		{6F98C2F2-898A-421B-BE3D-68FE69EC0646}.Debug|Any CPU.ActiveCfg = Debug|Any CPU
		{6F98C2F2-898A-421B-BE3D-68FE69EC0646}.Debug|Any CPU.Build.0 = Debug|Any CPU
		{6F98C2F2-898A-421B-BE3D-68FE69EC0646}.Release|Any CPU.ActiveCfg = Release|Any CPU
		{6F98C2F2-898A-421B-BE3D-68FE69EC0646}.Release|Any CPU.Build.0 = Release|Any CPU
		{9AB7EE8A-5411-4D24-AE46-158065006F00}.Debug|Any CPU.ActiveCfg = Debug|Any CPU
		{9AB7EE8A-5411-4D24-AE46-158065006F00}.Debug|Any CPU.Build.0 = Debug|Any CPU
		{9AB7EE8A-5411-4D24-AE46-158065006F00}.Release|Any CPU.ActiveCfg = Release|Any CPU
		{9AB7EE8A-5411-4D24-AE46-158065006F00}.Release|Any CPU.Build.0 = Release|Any CPU
		{13572C5D-ABB6-493D-97BE-7FFC37ACBA4C}.Debug|Any CPU.ActiveCfg = Debug|Any CPU
		{13572C5D-ABB6-493D-97BE-7FFC37ACBA4C}.Debug|Any CPU.Build.0 = Debug|Any CPU
		{13572C5D-ABB6-493D-97BE-7FFC37ACBA4C}.Release|Any CPU.ActiveCfg = Release|Any CPU
		{13572C5D-ABB6-493D-97BE-7FFC37ACBA4C}.Release|Any CPU.Build.0 = Release|Any CPU
		{4F061DBA-643A-4B5A-BCFA-6903E5D8B105}.Debug|Any CPU.ActiveCfg = Debug|Any CPU
		{4F061DBA-643A-4B5A-BCFA-6903E5D8B105}.Debug|Any CPU.Build.0 = Debug|Any CPU
		{4F061DBA-643A-4B5A-BCFA-6903E5D8B105}.Release|Any CPU.ActiveCfg = Release|Any CPU
		{4F061DBA-643A-4B5A-BCFA-6903E5D8B105}.Release|Any CPU.Build.0 = Release|Any CPU
		{601A7D76-DFC2-4BBA-86E3-830657EB6A54}.Debug|Any CPU.ActiveCfg = Debug|Any CPU
		{601A7D76-DFC2-4BBA-86E3-830657EB6A54}.Debug|Any CPU.Build.0 = Debug|Any CPU
		{601A7D76-DFC2-4BBA-86E3-830657EB6A54}.Release|Any CPU.ActiveCfg = Release|Any CPU
		{601A7D76-DFC2-4BBA-86E3-830657EB6A54}.Release|Any CPU.Build.0 = Release|Any CPU
		{632D78C7-0806-45A9-8FCF-1EC94DDA807A}.Debug|Any CPU.ActiveCfg = Debug|Any CPU
		{632D78C7-0806-45A9-8FCF-1EC94DDA807A}.Debug|Any CPU.Build.0 = Debug|Any CPU
		{632D78C7-0806-45A9-8FCF-1EC94DDA807A}.Release|Any CPU.ActiveCfg = Release|Any CPU
		{632D78C7-0806-45A9-8FCF-1EC94DDA807A}.Release|Any CPU.Build.0 = Release|Any CPU
		{4A1222DC-63B3-4BFD-B0D3-DB3EFAEBE853}.Debug|Any CPU.ActiveCfg = Debug|Any CPU
		{4A1222DC-63B3-4BFD-B0D3-DB3EFAEBE853}.Debug|Any CPU.Build.0 = Debug|Any CPU
		{4A1222DC-63B3-4BFD-B0D3-DB3EFAEBE853}.Release|Any CPU.ActiveCfg = Release|Any CPU
		{4A1222DC-63B3-4BFD-B0D3-DB3EFAEBE853}.Release|Any CPU.Build.0 = Release|Any CPU
	EndGlobalSection
	GlobalSection(SolutionProperties) = preSolution
		HideSolutionNode = FALSE
	EndGlobalSection
	GlobalSection(NestedProjects) = preSolution
		{C602C47E-F379-40A3-A146-4F19105B3491} = {7E85C7E5-70BD-4C9D-B052-D95955F46609}
		{6F98C2F2-898A-421B-BE3D-68FE69EC0646} = {7408541C-F99C-4197-B203-136115BD1CB9}
		{13572C5D-ABB6-493D-97BE-7FFC37ACBA4C} = {E4A630AE-A788-4CF8-98F1-661278298495}
		{4F061DBA-643A-4B5A-BCFA-6903E5D8B105} = {7408541C-F99C-4197-B203-136115BD1CB9}
		{601A7D76-DFC2-4BBA-86E3-830657EB6A54} = {C5871A7A-7875-447C-9F8A-5440B9D87686}
		{632D78C7-0806-45A9-8FCF-1EC94DDA807A} = {C5871A7A-7875-447C-9F8A-5440B9D87686}
		{4A1222DC-63B3-4BFD-B0D3-DB3EFAEBE853} = {C5871A7A-7875-447C-9F8A-5440B9D87686}
	EndGlobalSection
EndGlobal
