
Microsoft Visual Studio Solution File, Format Version 12.00
# Visual Studio 14
VisualStudioVersion = 14.0.25420.1
MinimumVisualStudioVersion = 10.0.40219.1
Project("{2150E333-8FDC-42A3-9474-1A3956D46DE8}") = ".nuget", ".nuget", "{DFA48E27-7D53-4955-A722-3D91A7119BE7}"
	ProjectSection(SolutionItems) = preProject
		.nuget\NuGet.Config = .nuget\NuGet.Config
		.nuget\NuGet.exe = .nuget\NuGet.exe
		.nuget\NuGet.targets = .nuget\NuGet.targets
	EndProjectSection
EndProject
Project("{FAE04EC0-301F-11D3-BF4B-00C04F79EFBC}") = "Cinotam.AbpModuleZero.Core", "Cinotam.AbpModuleZero.Core\Cinotam.AbpModuleZero.Core.csproj", "{17298EA0-AF73-4F30-B6F1-2066100D7D74}"
EndProject
Project("{FAE04EC0-301F-11D3-BF4B-00C04F79EFBC}") = "Cinotam.AbpModuleZero.EntityFramework", "Cinotam.AbpModuleZero.EntityFramework\Cinotam.AbpModuleZero.EntityFramework.csproj", "{3979F157-DEB0-4878-AB1D-4CEF6B5A1300}"
EndProject
Project("{FAE04EC0-301F-11D3-BF4B-00C04F79EFBC}") = "Cinotam.AbpModuleZero.WebApi", "Cinotam.AbpModuleZero.WebApi\Cinotam.AbpModuleZero.WebApi.csproj", "{5EB52D3D-09FD-463A-B02A-8D9856BD3724}"
EndProject
Project("{FAE04EC0-301F-11D3-BF4B-00C04F79EFBC}") = "Cinotam.AbpModuleZero.Web", "Cinotam.AbpModuleZero.Web\Cinotam.AbpModuleZero.Web.csproj", "{404A6D3B-AA85-4E4C-AEEE-1E5026D5F135}"
EndProject
Project("{2150E333-8FDC-42A3-9474-1A3956D46DE8}") = "Test", "Test", "{7E85C7E5-70BD-4C9D-B052-D95955F46609}"
EndProject
Project("{FAE04EC0-301F-11D3-BF4B-00C04F79EFBC}") = "Cinotam.AbpModuleZero.Tests", "Tests\Cinotam.AbpModuleZero.Tests\Cinotam.AbpModuleZero.Tests.csproj", "{C602C47E-F379-40A3-A146-4F19105B3491}"
EndProject
Project("{2150E333-8FDC-42A3-9474-1A3956D46DE8}") = "Tools", "Tools", "{7408541C-F99C-4197-B203-136115BD1CB9}"
EndProject
Project("{FAE04EC0-301F-11D3-BF4B-00C04F79EFBC}") = "Cinotam.AbpModuleZero.Migrator", "Tools\Cinotam.AbpModuleZero.Migrator\Cinotam.AbpModuleZero.Migrator.csproj", "{6F98C2F2-898A-421B-BE3D-68FE69EC0646}"
EndProject
Project("{FAE04EC0-301F-11D3-BF4B-00C04F79EFBC}") = "Cinotam.AbpModuleZero.Tools", "Cinotam.AbpModuleZero.Tools\Cinotam.AbpModuleZero.Tools.csproj", "{9AB7EE8A-5411-4D24-AE46-158065006F00}"
EndProject
Project("{2150E333-8FDC-42A3-9474-1A3956D46DE8}") = "Cinotam.ModuleZero", "Cinotam.ModuleZero", "{E4A630AE-A788-4CF8-98F1-661278298495}"
EndProject
Project("{FAE04EC0-301F-11D3-BF4B-00C04F79EFBC}") = "Cinotam.ModuleZero.AppModule", "Cinotam.ModuleZero.AppModule\Cinotam.ModuleZero.AppModule.csproj", "{13572C5D-ABB6-493D-97BE-7FFC37ACBA4C}"
EndProject
Project("{FAE04EC0-301F-11D3-BF4B-00C04F79EFBC}") = "Cinotam.AbpModuleZero.Extensions", "Cinotam.AbpModuleZero.Extensions\Cinotam.AbpModuleZero.Extensions.csproj", "{4F061DBA-643A-4B5A-BCFA-6903E5D8B105}"
EndProject
Project("{2150E333-8FDC-42A3-9474-1A3956D46DE8}") = "Cinotam.FileManager", "Cinotam.FileManager", "{C5871A7A-7875-447C-9F8A-5440B9D87686}"
EndProject
Project("{FAE04EC0-301F-11D3-BF4B-00C04F79EFBC}") = "Cinotam.FileManager", "Cinotam.FileManager\Cinotam.FileManager.csproj", "{601A7D76-DFC2-4BBA-86E3-830657EB6A54}"
EndProject
Project("{FAE04EC0-301F-11D3-BF4B-00C04F79EFBC}") = "Cinotam.FileManager.Cloudinary", "Cinotam.FileManager.Cloudinary\Cinotam.FileManager.Cloudinary.csproj", "{632D78C7-0806-45A9-8FCF-1EC94DDA807A}"
EndProject
Project("{FAE04EC0-301F-11D3-BF4B-00C04F79EFBC}") = "Cinotam.FileManager.SharedTypes", "Cinotam.FileManager.SharedTypes\Cinotam.FileManager.SharedTypes.csproj", "{4A1222DC-63B3-4BFD-B0D3-DB3EFAEBE853}"
EndProject
Project("{FAE04EC0-301F-11D3-BF4B-00C04F79EFBC}") = "Cinotam.ModuleZero.BackgroundTasks", "Cinotam.ModuleZero.BackgroundTasks\Cinotam.ModuleZero.BackgroundTasks.csproj", "{DA270051-1279-4759-BA4B-1E70709BEE1E}"
EndProject
Project("{FAE04EC0-301F-11D3-BF4B-00C04F79EFBC}") = "Cinotam.ModuleZero.Notifications", "Cinotam.ModuleZero.Notifications\Cinotam.ModuleZero.Notifications.csproj", "{57EE20C5-0930-41C0-9367-9A598B1B53D7}"
EndProject
Project("{FAE04EC0-301F-11D3-BF4B-00C04F79EFBC}") = "Cinotam.MailSender", "Cinotam.ModuleZero.MailSender\Cinotam.MailSender.csproj", "{201432A3-493B-46FE-A6FB-03D9D95DDBF6}"
EndProject
Project("{2150E333-8FDC-42A3-9474-1A3956D46DE8}") = "Cinotam.MailSenders", "Cinotam.MailSenders", "{1B7A5CB1-F0CB-4961-9548-D0E3B8549280}"
EndProject
Project("{FAE04EC0-301F-11D3-BF4B-00C04F79EFBC}") = "Cinotam.MailSender.SendGrid", "Cinotam.MailSender.SendGrid\Cinotam.MailSender.SendGrid.csproj", "{28B7BCBA-6C20-45A2-B939-15861DA5328A}"
EndProject
Project("{FAE04EC0-301F-11D3-BF4B-00C04F79EFBC}") = "CInotam.MailSender.Contracts", "CInotam.MailSender.Contracts\CInotam.MailSender.Contracts.csproj", "{B79DC367-7C6B-4F59-989F-86599FBFAD06}"
EndProject
Project("{FAE04EC0-301F-11D3-BF4B-00C04F79EFBC}") = "Cinotam.MailSender.SmtpDefault", "Cinotam.MailSender.SmtpDefault\Cinotam.MailSender.SmtpDefault.csproj", "{3242A6C6-4C65-4516-AEA1-4C8D70F23B80}"
EndProject
Project("{FAE04EC0-301F-11D3-BF4B-00C04F79EFBC}") = "Cinotam.FileManager.Contracts", "Cinotam.FileManager.Contracts\Cinotam.FileManager.Contracts.csproj", "{B1AD0F0D-EC22-4426-88D9-60C2F19E1DAE}"
EndProject
Project("{FAE04EC0-301F-11D3-BF4B-00C04F79EFBC}") = "Cinotam.FileManager.Local", "Cinotam.FileManager.Local\Cinotam.FileManager.Local.csproj", "{9A4EF717-B1C9-4177-BDD0-0A1C9FF14A8F}"
EndProject
Project("{2150E333-8FDC-42A3-9474-1A3956D46DE8}") = "Cinotam.Cms", "Cinotam.Cms", "{4F3BDDAA-F04A-41D2-8579-2B89508111EE}"
EndProject
Project("{FAE04EC0-301F-11D3-BF4B-00C04F79EFBC}") = "Cinotam.Cms.Core", "Cinotam.Cms.Core\Cinotam.Cms.Core.csproj", "{CC639C97-140A-42F6-8323-7C702077ACAE}"
EndProject
Project("{FAE04EC0-301F-11D3-BF4B-00C04F79EFBC}") = "Cinotam.Cms.App", "Cinotam.Cms.App\Cinotam.Cms.App.csproj", "{10E38564-856C-4C11-940C-6B23C5E3A284}"
EndProject
Project("{FAE04EC0-301F-11D3-BF4B-00C04F79EFBC}") = "Cinotam.Cms.Contracts", "Cinotam.Cms.Contracts\Cinotam.Cms.Contracts.csproj", "{DABC5C7B-2468-40CB-A673-DC723656174D}"
EndProject
Project("{FAE04EC0-301F-11D3-BF4B-00C04F79EFBC}") = "Cinotam.Cms.DatabaseContentProvider", "Cinotam.Cms.DatabaseContentProvider\Cinotam.Cms.DatabaseContentProvider.csproj", "{57CDC3CD-F90E-460E-A5CB-73AF6354506B}"
EndProject
Project("{FAE04EC0-301F-11D3-BF4B-00C04F79EFBC}") = "Cinotam.Cms.FileSystemContentProvider", "Cinotam.Cms.FileSystemContentProvider\Cinotam.Cms.FileSystemContentProvider.csproj", "{BAD69CC1-63F4-4874-A00C-D64367FF3D5E}"
EndProject
Project("{FAE04EC0-301F-11D3-BF4B-00C04F79EFBC}") = "Cinotam.Cms.DatabaseEntities", "Cinotam.Cms.DatabaseEntities\Cinotam.Cms.DatabaseEntities.csproj", "{2A5BA0A4-51FB-4132-BD08-F00357B24F23}"
EndProject
Project("{2150E333-8FDC-42A3-9474-1A3956D46DE8}") = "ContentProviders", "ContentProviders", "{85E44809-46C7-4BAE-B808-7CF31CE07CA0}"
EndProject
Project("{2150E333-8FDC-42A3-9474-1A3956D46DE8}") = "TemplateProviders", "TemplateProviders", "{8E26E0D0-C1DF-4462-BBDE-93142345A281}"
EndProject
Project("{FAE04EC0-301F-11D3-BF4B-00C04F79EFBC}") = "Cinotam.Cms.DatabaseTemplateProvider", "Cinotam.Cms.DatabaseTemplateProvider\Cinotam.Cms.DatabaseTemplateProvider.csproj", "{129C15E0-149B-4BF8-B136-B37D4C085F70}"
EndProject
Global
	GlobalSection(SolutionConfigurationPlatforms) = preSolution
		Debug|Any CPU = Debug|Any CPU
		Release|Any CPU = Release|Any CPU
	EndGlobalSection
	GlobalSection(ProjectConfigurationPlatforms) = postSolution
		{17298EA0-AF73-4F30-B6F1-2066100D7D74}.Debug|Any CPU.ActiveCfg = Debug|Any CPU
		{17298EA0-AF73-4F30-B6F1-2066100D7D74}.Debug|Any CPU.Build.0 = Debug|Any CPU
		{17298EA0-AF73-4F30-B6F1-2066100D7D74}.Release|Any CPU.ActiveCfg = Release|Any CPU
		{17298EA0-AF73-4F30-B6F1-2066100D7D74}.Release|Any CPU.Build.0 = Release|Any CPU
		{3979F157-DEB0-4878-AB1D-4CEF6B5A1300}.Debug|Any CPU.ActiveCfg = Debug|Any CPU
		{3979F157-DEB0-4878-AB1D-4CEF6B5A1300}.Debug|Any CPU.Build.0 = Debug|Any CPU
		{3979F157-DEB0-4878-AB1D-4CEF6B5A1300}.Release|Any CPU.ActiveCfg = Release|Any CPU
		{3979F157-DEB0-4878-AB1D-4CEF6B5A1300}.Release|Any CPU.Build.0 = Release|Any CPU
		{5EB52D3D-09FD-463A-B02A-8D9856BD3724}.Debug|Any CPU.ActiveCfg = Debug|Any CPU
		{5EB52D3D-09FD-463A-B02A-8D9856BD3724}.Debug|Any CPU.Build.0 = Debug|Any CPU
		{5EB52D3D-09FD-463A-B02A-8D9856BD3724}.Release|Any CPU.ActiveCfg = Release|Any CPU
		{5EB52D3D-09FD-463A-B02A-8D9856BD3724}.Release|Any CPU.Build.0 = Release|Any CPU
		{404A6D3B-AA85-4E4C-AEEE-1E5026D5F135}.Debug|Any CPU.ActiveCfg = Debug|Any CPU
		{404A6D3B-AA85-4E4C-AEEE-1E5026D5F135}.Debug|Any CPU.Build.0 = Debug|Any CPU
		{404A6D3B-AA85-4E4C-AEEE-1E5026D5F135}.Release|Any CPU.ActiveCfg = Release|Any CPU
		{404A6D3B-AA85-4E4C-AEEE-1E5026D5F135}.Release|Any CPU.Build.0 = Release|Any CPU
		{C602C47E-F379-40A3-A146-4F19105B3491}.Debug|Any CPU.ActiveCfg = Debug|Any CPU
		{C602C47E-F379-40A3-A146-4F19105B3491}.Debug|Any CPU.Build.0 = Debug|Any CPU
		{C602C47E-F379-40A3-A146-4F19105B3491}.Release|Any CPU.ActiveCfg = Release|Any CPU
		{C602C47E-F379-40A3-A146-4F19105B3491}.Release|Any CPU.Build.0 = Release|Any CPU
		{6F98C2F2-898A-421B-BE3D-68FE69EC0646}.Debug|Any CPU.ActiveCfg = Debug|Any CPU
		{6F98C2F2-898A-421B-BE3D-68FE69EC0646}.Debug|Any CPU.Build.0 = Debug|Any CPU
		{6F98C2F2-898A-421B-BE3D-68FE69EC0646}.Release|Any CPU.ActiveCfg = Release|Any CPU
		{6F98C2F2-898A-421B-BE3D-68FE69EC0646}.Release|Any CPU.Build.0 = Release|Any CPU
		{9AB7EE8A-5411-4D24-AE46-158065006F00}.Debug|Any CPU.ActiveCfg = Debug|Any CPU
		{9AB7EE8A-5411-4D24-AE46-158065006F00}.Debug|Any CPU.Build.0 = Debug|Any CPU
		{9AB7EE8A-5411-4D24-AE46-158065006F00}.Release|Any CPU.ActiveCfg = Release|Any CPU
		{9AB7EE8A-5411-4D24-AE46-158065006F00}.Release|Any CPU.Build.0 = Release|Any CPU
		{13572C5D-ABB6-493D-97BE-7FFC37ACBA4C}.Debug|Any CPU.ActiveCfg = Debug|Any CPU
		{13572C5D-ABB6-493D-97BE-7FFC37ACBA4C}.Debug|Any CPU.Build.0 = Debug|Any CPU
		{13572C5D-ABB6-493D-97BE-7FFC37ACBA4C}.Release|Any CPU.ActiveCfg = Release|Any CPU
		{13572C5D-ABB6-493D-97BE-7FFC37ACBA4C}.Release|Any CPU.Build.0 = Release|Any CPU
		{4F061DBA-643A-4B5A-BCFA-6903E5D8B105}.Debug|Any CPU.ActiveCfg = Debug|Any CPU
		{4F061DBA-643A-4B5A-BCFA-6903E5D8B105}.Debug|Any CPU.Build.0 = Debug|Any CPU
		{4F061DBA-643A-4B5A-BCFA-6903E5D8B105}.Release|Any CPU.ActiveCfg = Release|Any CPU
		{4F061DBA-643A-4B5A-BCFA-6903E5D8B105}.Release|Any CPU.Build.0 = Release|Any CPU
		{601A7D76-DFC2-4BBA-86E3-830657EB6A54}.Debug|Any CPU.ActiveCfg = Debug|Any CPU
		{601A7D76-DFC2-4BBA-86E3-830657EB6A54}.Debug|Any CPU.Build.0 = Debug|Any CPU
		{601A7D76-DFC2-4BBA-86E3-830657EB6A54}.Release|Any CPU.ActiveCfg = Release|Any CPU
		{601A7D76-DFC2-4BBA-86E3-830657EB6A54}.Release|Any CPU.Build.0 = Release|Any CPU
		{632D78C7-0806-45A9-8FCF-1EC94DDA807A}.Debug|Any CPU.ActiveCfg = Debug|Any CPU
		{632D78C7-0806-45A9-8FCF-1EC94DDA807A}.Debug|Any CPU.Build.0 = Debug|Any CPU
		{632D78C7-0806-45A9-8FCF-1EC94DDA807A}.Release|Any CPU.ActiveCfg = Release|Any CPU
		{632D78C7-0806-45A9-8FCF-1EC94DDA807A}.Release|Any CPU.Build.0 = Release|Any CPU
		{4A1222DC-63B3-4BFD-B0D3-DB3EFAEBE853}.Debug|Any CPU.ActiveCfg = Debug|Any CPU
		{4A1222DC-63B3-4BFD-B0D3-DB3EFAEBE853}.Debug|Any CPU.Build.0 = Debug|Any CPU
		{4A1222DC-63B3-4BFD-B0D3-DB3EFAEBE853}.Release|Any CPU.ActiveCfg = Release|Any CPU
		{4A1222DC-63B3-4BFD-B0D3-DB3EFAEBE853}.Release|Any CPU.Build.0 = Release|Any CPU
		{DA270051-1279-4759-BA4B-1E70709BEE1E}.Debug|Any CPU.ActiveCfg = Debug|Any CPU
		{DA270051-1279-4759-BA4B-1E70709BEE1E}.Debug|Any CPU.Build.0 = Debug|Any CPU
		{DA270051-1279-4759-BA4B-1E70709BEE1E}.Release|Any CPU.ActiveCfg = Release|Any CPU
		{DA270051-1279-4759-BA4B-1E70709BEE1E}.Release|Any CPU.Build.0 = Release|Any CPU
		{57EE20C5-0930-41C0-9367-9A598B1B53D7}.Debug|Any CPU.ActiveCfg = Debug|Any CPU
		{57EE20C5-0930-41C0-9367-9A598B1B53D7}.Debug|Any CPU.Build.0 = Debug|Any CPU
		{57EE20C5-0930-41C0-9367-9A598B1B53D7}.Release|Any CPU.ActiveCfg = Release|Any CPU
		{57EE20C5-0930-41C0-9367-9A598B1B53D7}.Release|Any CPU.Build.0 = Release|Any CPU
		{201432A3-493B-46FE-A6FB-03D9D95DDBF6}.Debug|Any CPU.ActiveCfg = Debug|Any CPU
		{201432A3-493B-46FE-A6FB-03D9D95DDBF6}.Debug|Any CPU.Build.0 = Debug|Any CPU
		{201432A3-493B-46FE-A6FB-03D9D95DDBF6}.Release|Any CPU.ActiveCfg = Release|Any CPU
		{201432A3-493B-46FE-A6FB-03D9D95DDBF6}.Release|Any CPU.Build.0 = Release|Any CPU
		{28B7BCBA-6C20-45A2-B939-15861DA5328A}.Debug|Any CPU.ActiveCfg = Debug|Any CPU
		{28B7BCBA-6C20-45A2-B939-15861DA5328A}.Debug|Any CPU.Build.0 = Debug|Any CPU
		{28B7BCBA-6C20-45A2-B939-15861DA5328A}.Release|Any CPU.ActiveCfg = Release|Any CPU
		{28B7BCBA-6C20-45A2-B939-15861DA5328A}.Release|Any CPU.Build.0 = Release|Any CPU
		{B79DC367-7C6B-4F59-989F-86599FBFAD06}.Debug|Any CPU.ActiveCfg = Debug|Any CPU
		{B79DC367-7C6B-4F59-989F-86599FBFAD06}.Debug|Any CPU.Build.0 = Debug|Any CPU
		{B79DC367-7C6B-4F59-989F-86599FBFAD06}.Release|Any CPU.ActiveCfg = Release|Any CPU
		{B79DC367-7C6B-4F59-989F-86599FBFAD06}.Release|Any CPU.Build.0 = Release|Any CPU
		{3242A6C6-4C65-4516-AEA1-4C8D70F23B80}.Debug|Any CPU.ActiveCfg = Debug|Any CPU
		{3242A6C6-4C65-4516-AEA1-4C8D70F23B80}.Debug|Any CPU.Build.0 = Debug|Any CPU
		{3242A6C6-4C65-4516-AEA1-4C8D70F23B80}.Release|Any CPU.ActiveCfg = Release|Any CPU
		{3242A6C6-4C65-4516-AEA1-4C8D70F23B80}.Release|Any CPU.Build.0 = Release|Any CPU
		{B1AD0F0D-EC22-4426-88D9-60C2F19E1DAE}.Debug|Any CPU.ActiveCfg = Debug|Any CPU
		{B1AD0F0D-EC22-4426-88D9-60C2F19E1DAE}.Debug|Any CPU.Build.0 = Debug|Any CPU
		{B1AD0F0D-EC22-4426-88D9-60C2F19E1DAE}.Release|Any CPU.ActiveCfg = Release|Any CPU
		{B1AD0F0D-EC22-4426-88D9-60C2F19E1DAE}.Release|Any CPU.Build.0 = Release|Any CPU
		{9A4EF717-B1C9-4177-BDD0-0A1C9FF14A8F}.Debug|Any CPU.ActiveCfg = Debug|Any CPU
		{9A4EF717-B1C9-4177-BDD0-0A1C9FF14A8F}.Debug|Any CPU.Build.0 = Debug|Any CPU
		{9A4EF717-B1C9-4177-BDD0-0A1C9FF14A8F}.Release|Any CPU.ActiveCfg = Release|Any CPU
		{9A4EF717-B1C9-4177-BDD0-0A1C9FF14A8F}.Release|Any CPU.Build.0 = Release|Any CPU
		{CC639C97-140A-42F6-8323-7C702077ACAE}.Debug|Any CPU.ActiveCfg = Debug|Any CPU
		{CC639C97-140A-42F6-8323-7C702077ACAE}.Debug|Any CPU.Build.0 = Debug|Any CPU
		{CC639C97-140A-42F6-8323-7C702077ACAE}.Release|Any CPU.ActiveCfg = Release|Any CPU
		{CC639C97-140A-42F6-8323-7C702077ACAE}.Release|Any CPU.Build.0 = Release|Any CPU
		{10E38564-856C-4C11-940C-6B23C5E3A284}.Debug|Any CPU.ActiveCfg = Debug|Any CPU
		{10E38564-856C-4C11-940C-6B23C5E3A284}.Debug|Any CPU.Build.0 = Debug|Any CPU
		{10E38564-856C-4C11-940C-6B23C5E3A284}.Release|Any CPU.ActiveCfg = Release|Any CPU
		{10E38564-856C-4C11-940C-6B23C5E3A284}.Release|Any CPU.Build.0 = Release|Any CPU
		{DABC5C7B-2468-40CB-A673-DC723656174D}.Debug|Any CPU.ActiveCfg = Debug|Any CPU
		{DABC5C7B-2468-40CB-A673-DC723656174D}.Debug|Any CPU.Build.0 = Debug|Any CPU
		{DABC5C7B-2468-40CB-A673-DC723656174D}.Release|Any CPU.ActiveCfg = Release|Any CPU
		{DABC5C7B-2468-40CB-A673-DC723656174D}.Release|Any CPU.Build.0 = Release|Any CPU
		{57CDC3CD-F90E-460E-A5CB-73AF6354506B}.Debug|Any CPU.ActiveCfg = Debug|Any CPU
		{57CDC3CD-F90E-460E-A5CB-73AF6354506B}.Debug|Any CPU.Build.0 = Debug|Any CPU
		{57CDC3CD-F90E-460E-A5CB-73AF6354506B}.Release|Any CPU.ActiveCfg = Release|Any CPU
		{57CDC3CD-F90E-460E-A5CB-73AF6354506B}.Release|Any CPU.Build.0 = Release|Any CPU
		{BAD69CC1-63F4-4874-A00C-D64367FF3D5E}.Debug|Any CPU.ActiveCfg = Debug|Any CPU
		{BAD69CC1-63F4-4874-A00C-D64367FF3D5E}.Debug|Any CPU.Build.0 = Debug|Any CPU
		{BAD69CC1-63F4-4874-A00C-D64367FF3D5E}.Release|Any CPU.ActiveCfg = Release|Any CPU
		{BAD69CC1-63F4-4874-A00C-D64367FF3D5E}.Release|Any CPU.Build.0 = Release|Any CPU
		{2A5BA0A4-51FB-4132-BD08-F00357B24F23}.Debug|Any CPU.ActiveCfg = Debug|Any CPU
		{2A5BA0A4-51FB-4132-BD08-F00357B24F23}.Debug|Any CPU.Build.0 = Debug|Any CPU
		{2A5BA0A4-51FB-4132-BD08-F00357B24F23}.Release|Any CPU.ActiveCfg = Release|Any CPU
		{2A5BA0A4-51FB-4132-BD08-F00357B24F23}.Release|Any CPU.Build.0 = Release|Any CPU
		{129C15E0-149B-4BF8-B136-B37D4C085F70}.Debug|Any CPU.ActiveCfg = Debug|Any CPU
		{129C15E0-149B-4BF8-B136-B37D4C085F70}.Debug|Any CPU.Build.0 = Debug|Any CPU
		{129C15E0-149B-4BF8-B136-B37D4C085F70}.Release|Any CPU.ActiveCfg = Release|Any CPU
		{129C15E0-149B-4BF8-B136-B37D4C085F70}.Release|Any CPU.Build.0 = Release|Any CPU
	EndGlobalSection
	GlobalSection(SolutionProperties) = preSolution
		HideSolutionNode = FALSE
	EndGlobalSection
	GlobalSection(NestedProjects) = preSolution
		{C602C47E-F379-40A3-A146-4F19105B3491} = {7E85C7E5-70BD-4C9D-B052-D95955F46609}
		{6F98C2F2-898A-421B-BE3D-68FE69EC0646} = {7408541C-F99C-4197-B203-136115BD1CB9}
		{13572C5D-ABB6-493D-97BE-7FFC37ACBA4C} = {E4A630AE-A788-4CF8-98F1-661278298495}
		{4F061DBA-643A-4B5A-BCFA-6903E5D8B105} = {7408541C-F99C-4197-B203-136115BD1CB9}
		{601A7D76-DFC2-4BBA-86E3-830657EB6A54} = {C5871A7A-7875-447C-9F8A-5440B9D87686}
		{632D78C7-0806-45A9-8FCF-1EC94DDA807A} = {C5871A7A-7875-447C-9F8A-5440B9D87686}
		{4A1222DC-63B3-4BFD-B0D3-DB3EFAEBE853} = {C5871A7A-7875-447C-9F8A-5440B9D87686}
		{DA270051-1279-4759-BA4B-1E70709BEE1E} = {E4A630AE-A788-4CF8-98F1-661278298495}
		{57EE20C5-0930-41C0-9367-9A598B1B53D7} = {E4A630AE-A788-4CF8-98F1-661278298495}
		{201432A3-493B-46FE-A6FB-03D9D95DDBF6} = {1B7A5CB1-F0CB-4961-9548-D0E3B8549280}
		{28B7BCBA-6C20-45A2-B939-15861DA5328A} = {1B7A5CB1-F0CB-4961-9548-D0E3B8549280}
		{B79DC367-7C6B-4F59-989F-86599FBFAD06} = {1B7A5CB1-F0CB-4961-9548-D0E3B8549280}
		{3242A6C6-4C65-4516-AEA1-4C8D70F23B80} = {1B7A5CB1-F0CB-4961-9548-D0E3B8549280}
		{B1AD0F0D-EC22-4426-88D9-60C2F19E1DAE} = {C5871A7A-7875-447C-9F8A-5440B9D87686}
		{9A4EF717-B1C9-4177-BDD0-0A1C9FF14A8F} = {C5871A7A-7875-447C-9F8A-5440B9D87686}
		{CC639C97-140A-42F6-8323-7C702077ACAE} = {4F3BDDAA-F04A-41D2-8579-2B89508111EE}
		{10E38564-856C-4C11-940C-6B23C5E3A284} = {4F3BDDAA-F04A-41D2-8579-2B89508111EE}
		{DABC5C7B-2468-40CB-A673-DC723656174D} = {4F3BDDAA-F04A-41D2-8579-2B89508111EE}
		{57CDC3CD-F90E-460E-A5CB-73AF6354506B} = {85E44809-46C7-4BAE-B808-7CF31CE07CA0}
		{BAD69CC1-63F4-4874-A00C-D64367FF3D5E} = {85E44809-46C7-4BAE-B808-7CF31CE07CA0}
		{2A5BA0A4-51FB-4132-BD08-F00357B24F23} = {4F3BDDAA-F04A-41D2-8579-2B89508111EE}
		{85E44809-46C7-4BAE-B808-7CF31CE07CA0} = {4F3BDDAA-F04A-41D2-8579-2B89508111EE}
		{8E26E0D0-C1DF-4462-BBDE-93142345A281} = {4F3BDDAA-F04A-41D2-8579-2B89508111EE}
		{129C15E0-149B-4BF8-B136-B37D4C085F70} = {8E26E0D0-C1DF-4462-BBDE-93142345A281}
	EndGlobalSection
EndGlobal
